
Microsoft Visual Studio Solution File, Format Version 12.00
# Visual Studio Version 17
VisualStudioVersion = 17.14.36414.22
MinimumVisualStudioVersion = 10.0.40219.1
Project("{FAE04EC0-301F-11D3-BF4B-00C04F79EFBC}") = "ComfyUIServerManager", "ComfyUIServerManager\ComfyUIServerManager.csproj", "{2BECE1AA-7E16-4C36-984B-B8FBF33941C5}"
EndProject
Project("{B7DD6F7E-DEF8-4E67-B5B7-07EF123DB6F0}") = "ComfyUIServerManagerInstaller", "ComfyUIServerManagerInstaller\ComfyUIServerManagerInstaller.wixproj", "{995F2712-47A3-7E81-79F3-21F2450C9A18}"
EndProject
Project("{C7167F0D-BC9F-4E6E-AFE1-012C56B48DB5}") = "ComfyUIServerManagerModern (Package)", "ComfyUIServerManagerModern\ComfyUIServerManagerModern (Package)\ComfyUIServerManagerModern (Package).wapproj", "{8F9799EA-8ED2-4A05-B941-97CFB2B35777}"
EndProject
Project("{FAE04EC0-301F-11D3-BF4B-00C04F79EFBC}") = "ComfyUIServerManagerModern", "ComfyUIServerManagerModern\ComfyUIServerManagerModern\ComfyUIServerManagerModern.csproj", "{D94EBF22-906D-4B78-95CE-54D3236D4A9C}"
EndProject
Global
	GlobalSection(SolutionConfigurationPlatforms) = preSolution
		Debug|Any CPU = Debug|Any CPU
		Debug|ARM64 = Debug|ARM64
		Debug|x64 = Debug|x64
		Debug|x86 = Debug|x86
		Release|Any CPU = Release|Any CPU
		Release|ARM64 = Release|ARM64
		Release|x64 = Release|x64
		Release|x86 = Release|x86
	EndGlobalSection
	GlobalSection(ProjectConfigurationPlatforms) = postSolution
		{2BECE1AA-7E16-4C36-984B-B8FBF33941C5}.Debug|Any CPU.ActiveCfg = Debug|Any CPU
		{2BECE1AA-7E16-4C36-984B-B8FBF33941C5}.Debug|Any CPU.Build.0 = Debug|Any CPU
		{2BECE1AA-7E16-4C36-984B-B8FBF33941C5}.Debug|ARM64.ActiveCfg = Debug|Any CPU
		{2BECE1AA-7E16-4C36-984B-B8FBF33941C5}.Debug|ARM64.Build.0 = Debug|Any CPU
		{2BECE1AA-7E16-4C36-984B-B8FBF33941C5}.Debug|x64.ActiveCfg = Debug|Any CPU
		{2BECE1AA-7E16-4C36-984B-B8FBF33941C5}.Debug|x64.Build.0 = Debug|Any CPU
		{2BECE1AA-7E16-4C36-984B-B8FBF33941C5}.Debug|x86.ActiveCfg = Debug|Any CPU
		{2BECE1AA-7E16-4C36-984B-B8FBF33941C5}.Debug|x86.Build.0 = Debug|Any CPU
		{2BECE1AA-7E16-4C36-984B-B8FBF33941C5}.Release|Any CPU.ActiveCfg = Release|Any CPU
		{2BECE1AA-7E16-4C36-984B-B8FBF33941C5}.Release|Any CPU.Build.0 = Release|Any CPU
		{2BECE1AA-7E16-4C36-984B-B8FBF33941C5}.Release|ARM64.ActiveCfg = Release|Any CPU
		{2BECE1AA-7E16-4C36-984B-B8FBF33941C5}.Release|ARM64.Build.0 = Release|Any CPU
		{2BECE1AA-7E16-4C36-984B-B8FBF33941C5}.Release|x64.ActiveCfg = Release|Any CPU
		{2BECE1AA-7E16-4C36-984B-B8FBF33941C5}.Release|x64.Build.0 = Release|Any CPU
		{2BECE1AA-7E16-4C36-984B-B8FBF33941C5}.Release|x86.ActiveCfg = Release|Any CPU
		{2BECE1AA-7E16-4C36-984B-B8FBF33941C5}.Release|x86.Build.0 = Release|Any CPU
		{995F2712-47A3-7E81-79F3-21F2450C9A18}.Debug|Any CPU.ActiveCfg = Debug|x64
		{995F2712-47A3-7E81-79F3-21F2450C9A18}.Debug|ARM64.ActiveCfg = Debug|ARM64
		{995F2712-47A3-7E81-79F3-21F2450C9A18}.Debug|x64.ActiveCfg = Debug|x64
		{995F2712-47A3-7E81-79F3-21F2450C9A18}.Debug|x86.ActiveCfg = Debug|x86
		{995F2712-47A3-7E81-79F3-21F2450C9A18}.Release|Any CPU.ActiveCfg = Release|x64
		{995F2712-47A3-7E81-79F3-21F2450C9A18}.Release|ARM64.ActiveCfg = Release|ARM64
		{995F2712-47A3-7E81-79F3-21F2450C9A18}.Release|x64.ActiveCfg = Release|x64
		{995F2712-47A3-7E81-79F3-21F2450C9A18}.Release|x86.ActiveCfg = Release|x86
		{8F9799EA-8ED2-4A05-B941-97CFB2B35777}.Debug|Any CPU.ActiveCfg = Debug|x64
		{8F9799EA-8ED2-4A05-B941-97CFB2B35777}.Debug|Any CPU.Build.0 = Debug|x64
		{8F9799EA-8ED2-4A05-B941-97CFB2B35777}.Debug|Any CPU.Deploy.0 = Debug|x64
		{8F9799EA-8ED2-4A05-B941-97CFB2B35777}.Debug|ARM64.ActiveCfg = Debug|ARM64
		{8F9799EA-8ED2-4A05-B941-97CFB2B35777}.Debug|ARM64.Build.0 = Debug|ARM64
		{8F9799EA-8ED2-4A05-B941-97CFB2B35777}.Debug|ARM64.Deploy.0 = Debug|ARM64
		{8F9799EA-8ED2-4A05-B941-97CFB2B35777}.Debug|x64.ActiveCfg = Debug|x64
		{8F9799EA-8ED2-4A05-B941-97CFB2B35777}.Debug|x64.Build.0 = Debug|x64
		{8F9799EA-8ED2-4A05-B941-97CFB2B35777}.Debug|x64.Deploy.0 = Debug|x64
		{8F9799EA-8ED2-4A05-B941-97CFB2B35777}.Debug|x86.ActiveCfg = Debug|x86
		{8F9799EA-8ED2-4A05-B941-97CFB2B35777}.Debug|x86.Build.0 = Debug|x86
		{8F9799EA-8ED2-4A05-B941-97CFB2B35777}.Debug|x86.Deploy.0 = Debug|x86
		{8F9799EA-8ED2-4A05-B941-97CFB2B35777}.Release|Any CPU.ActiveCfg = Release|x64
		{8F9799EA-8ED2-4A05-B941-97CFB2B35777}.Release|Any CPU.Build.0 = Release|x64
		{8F9799EA-8ED2-4A05-B941-97CFB2B35777}.Release|Any CPU.Deploy.0 = Release|x64
		{8F9799EA-8ED2-4A05-B941-97CFB2B35777}.Release|ARM64.ActiveCfg = Release|ARM64
		{8F9799EA-8ED2-4A05-B941-97CFB2B35777}.Release|ARM64.Build.0 = Release|ARM64
		{8F9799EA-8ED2-4A05-B941-97CFB2B35777}.Release|ARM64.Deploy.0 = Release|ARM64
		{8F9799EA-8ED2-4A05-B941-97CFB2B35777}.Release|x64.ActiveCfg = Release|x64
		{8F9799EA-8ED2-4A05-B941-97CFB2B35777}.Release|x64.Build.0 = Release|x64
		{8F9799EA-8ED2-4A05-B941-97CFB2B35777}.Release|x64.Deploy.0 = Release|x64
		{8F9799EA-8ED2-4A05-B941-97CFB2B35777}.Release|x86.ActiveCfg = Release|x86
		{8F9799EA-8ED2-4A05-B941-97CFB2B35777}.Release|x86.Build.0 = Release|x86
		{8F9799EA-8ED2-4A05-B941-97CFB2B35777}.Release|x86.Deploy.0 = Release|x86
		{D94EBF22-906D-4B78-95CE-54D3236D4A9C}.Debug|Any CPU.ActiveCfg = Debug|x64
		{D94EBF22-906D-4B78-95CE-54D3236D4A9C}.Debug|Any CPU.Build.0 = Debug|x64
		{D94EBF22-906D-4B78-95CE-54D3236D4A9C}.Debug|ARM64.ActiveCfg = Debug|ARM64
		{D94EBF22-906D-4B78-95CE-54D3236D4A9C}.Debug|ARM64.Build.0 = Debug|ARM64
		{D94EBF22-906D-4B78-95CE-54D3236D4A9C}.Debug|x64.ActiveCfg = Debug|x64
		{D94EBF22-906D-4B78-95CE-54D3236D4A9C}.Debug|x64.Build.0 = Debug|x64
		{D94EBF22-906D-4B78-95CE-54D3236D4A9C}.Debug|x86.ActiveCfg = Debug|x86
		{D94EBF22-906D-4B78-95CE-54D3236D4A9C}.Debug|x86.Build.0 = Debug|x86
		{D94EBF22-906D-4B78-95CE-54D3236D4A9C}.Release|Any CPU.ActiveCfg = Release|x64
		{D94EBF22-906D-4B78-95CE-54D3236D4A9C}.Release|Any CPU.Build.0 = Release|x64
		{D94EBF22-906D-4B78-95CE-54D3236D4A9C}.Release|ARM64.ActiveCfg = Release|ARM64
		{D94EBF22-906D-4B78-95CE-54D3236D4A9C}.Release|ARM64.Build.0 = Release|ARM64
		{D94EBF22-906D-4B78-95CE-54D3236D4A9C}.Release|x64.ActiveCfg = Release|x64
		{D94EBF22-906D-4B78-95CE-54D3236D4A9C}.Release|x64.Build.0 = Release|x64
		{D94EBF22-906D-4B78-95CE-54D3236D4A9C}.Release|x86.ActiveCfg = Release|x86
		{D94EBF22-906D-4B78-95CE-54D3236D4A9C}.Release|x86.Build.0 = Release|x86
	EndGlobalSection
	GlobalSection(SolutionProperties) = preSolution
		HideSolutionNode = FALSE
	EndGlobalSection
	GlobalSection(ExtensibilityGlobals) = postSolution
		SolutionGuid = {8FFAA910-4AA4-4D1E-AA6C-AD4F455B708A}
	EndGlobalSection
EndGlobal
